
Microsoft Visual Studio Solution File, Format Version 12.00
# Visual Studio Version 16
VisualStudioVersion = 16.0.30011.22
MinimumVisualStudioVersion = 10.0.40219.1
Project("{FAE04EC0-301F-11D3-BF4B-00C04F79EFBC}") = "SistemaEstoqueWeb", "SistemaEstoqueWeb\SistemaEstoqueWeb.csproj", "{D7FCAEB3-34D5-466F-AB12-62BEE35B372B}"
EndProject
Global
	GlobalSection(SolutionConfigurationPlatforms) = preSolution
		Debug|Any CPU = Debug|Any CPU
		Release|Any CPU = Release|Any CPU
	EndGlobalSection
	GlobalSection(ProjectConfigurationPlatforms) = postSolution
		{D7FCAEB3-34D5-466F-AB12-62BEE35B372B}.Debug|Any CPU.ActiveCfg = Debug|Any CPU
		{D7FCAEB3-34D5-466F-AB12-62BEE35B372B}.Debug|Any CPU.Build.0 = Debug|Any CPU
		{D7FCAEB3-34D5-466F-AB12-62BEE35B372B}.Release|Any CPU.ActiveCfg = Release|Any CPU
		{D7FCAEB3-34D5-466F-AB12-62BEE35B372B}.Release|Any CPU.Build.0 = Release|Any CPU
	EndGlobalSection
	GlobalSection(SolutionProperties) = preSolution
		HideSolutionNode = FALSE
	EndGlobalSection
	GlobalSection(ExtensibilityGlobals) = postSolution
		SolutionGuid = {8F11A6AC-62F2-4C26-B603-58F555BBBC98}
	EndGlobalSection
EndGlobal
